github.com/aaronland/go-http-rewrite v1.1.0 h1:HhsltNyYRnIz2FR+qANZLx2ykiRuNuNK1JgPonKBLHQ=
github.com/aaronland/go-http-rewrite v1.1.0/go.mod h1:iA9jQBureJrzO6fTzmRLS+fkbAI1Fna71iTb1hP8n3k=
github.com/aaronland/go-http-sanitize v0.0.6 h1:tlyIm16zOFrn+PfJlBCmTgFV9URwCho2/YlB9iAj8Eg=
github.com/aaronland/go-http-sanitize v0.0.6/go.mod h1:qUi4rzUPcpMntpUFnHK00yQI5vd/Q7x9MFYwX91/ygI=
github.com/aaronland/go-roster v1.0.0 h1:FRDGrTqsYySKjWnAhbBGXyeGlI/o5/t9FZYCbUmyQtI=
github.com/aaronland/go-roster v1.0.0/go.mod h1:KIsYZgrJlAsyb9LsXSCvlqvbcCBVjCSqcQiZx42i9ro=
github.com/aaronland/go-string v1.0.0 h1:fPHmC1i9JhGzgi4qdCSXKc4xTCaLLe0uvlJMu9dHhco=
github.com/aaronland/go-string v1.0.0/go.mod h1:URh3Au/fNbM0++WjBseurE3QTp875wiJ9ImrecD+7tI=
github.com/sfomuseum/go-http-fault/v2 v2.0.0 h1:3m0cp09W1spCnyNpswGmN4GZfTOiSYhYQ+1U39dUvLY=
github.com/sfomuseum/go-http-fault/v2 v2.0.0/go.mod h1:tzkhs60tMYwf+CbcxeOpM8bfmR7Zi3wL2rA1jKgRh4U=
github.com/whosonfirst/go-sanitize v0.1.0 h1:ygSqCnakwdzH/m8UEa15zXGDsoo5/JJeRkgmAjXZrBU=
github.com/whosonfirst/go-sanitize v0.1.0/go.mod h1:p/emgbafMM0p5iVAz2XWwecYPl06Tw4Jos9rhTKIrt8=
golang.org/x/net v0.17.0 h1:pVaXccu2ozPjCXewfr1S7xza/zcXTity9cCdXQYSjIM=
golang.org/x/net v0.17.0/go.mod h1:NxSsAGuq816PNPmqtQdLE42eU2Fs7NoRIZrHJAlaCOE=
