github.com/aaronland/go-http-rewrite v1.0.0 h1:UeoNf1QXFLJFWvxwrczkPT+71WtB6PP4o7P3r12LMnw=
github.com/aaronland/go-http-rewrite v1.0.0/go.mod h1:CqMfeIY9Vp/6RuajglOCIQ1gRo7RMtgp+jQKXPrbUIg=
github.com/aaronland/go-http-sanitize v0.0.6 h1:tlyIm16zOFrn+PfJlBCmTgFV9URwCho2/YlB9iAj8Eg=
github.com/aaronland/go-http-sanitize v0.0.6/go.mod h1:qUi4rzUPcpMntpUFnHK00yQI5vd/Q7x9MFYwX91/ygI=
github.com/aaronland/go-roster v1.0.0 h1:FRDGrTqsYySKjWnAhbBGXyeGlI/o5/t9FZYCbUmyQtI=
github.com/aaronland/go-roster v1.0.0/go.mod h1:KIsYZgrJlAsyb9LsXSCvlqvbcCBVjCSqcQiZx42i9ro=
github.com/aaronland/go-string v1.0.0 h1:fPHmC1i9JhGzgi4qdCSXKc4xTCaLLe0uvlJMu9dHhco=
github.com/aaronland/go-string v1.0.0/go.mod h1:URh3Au/fNbM0++WjBseurE3QTp875wiJ9ImrecD+7tI=
github.com/sfomuseum/go-http-fault v1.0.1 h1:Xc3ZK86LTrLj/ocJxmfd0UogGDt8+uhQtajjvH1JL7E=
github.com/sfomuseum/go-http-fault v1.0.1/go.mod h1:1kNjYh/1Cx1f3y+ltGdqQEodbTOz7i0Q0b+8dFW1OVw=
github.com/whosonfirst/go-sanitize v0.1.0 h1:ygSqCnakwdzH/m8UEa15zXGDsoo5/JJeRkgmAjXZrBU=
github.com/whosonfirst/go-sanitize v0.1.0/go.mod h1:p/emgbafMM0p5iVAz2XWwecYPl06Tw4Jos9rhTKIrt8=
golang.org/x/net v0.0.0-20220425223048-2871e0cb64e4/go.mod h1:CfG3xpIq0wQ8r1q4Su4UZFWDARRcnwPjda9FqA0JpMk=
golang.org/x/net v0.0.0-20220617184016-355a448f1bc9 h1:Yqz/iviulwKwAREEeUd3nbBFn0XuyJqkoft2IlrvOhc=
golang.org/x/net v0.0.0-20220617184016-355a448f1bc9/go.mod h1:XRhObCWvk6IyKnWLug+ECip1KBveYUHfp+8e9klMJ9c=
golang.org/x/sys v0.0.0-20210615035016-665e8c7367d1/go.mod h1:oPkhp1MJrh7nUepCBck5+mAzfO9JrbApNNgaTdGDITg=
golang.org/x/sys v0.0.0-20211216021012-1d35b9e2eb4e/go.mod h1:oPkhp1MJrh7nUepCBck5+mAzfO9JrbApNNgaTdGDITg=
golang.org/x/sys v0.0.0-20220520151302-bc2c85ada10a/go.mod h1:oPkhp1MJrh7nUepCBck5+mAzfO9JrbApNNgaTdGDITg=
golang.org/x/term v0.0.0-20210927222741-03fcf44c2211/go.mod h1:jbD1KX2456YbFQfuXm/mYQcufACuNUgVhRMnK/tPxf8=
golang.org/x/text v0.3.7/go.mod h1:u+2+/6zg+i71rQMx5EYifcz6MCKuco9NR6JIITiCfzQ=
golang.org/x/tools v0.0.0-20180917221912-90fa682c2a6e/go.mod h1:n7NCudcB/nEzxVGmLbDWY5pfWTLqBcC2KZ6jyYvM4mQ=
